
Microsoft Visual Studio Solution File, Format Version 12.00
# Visual Studio 15
VisualStudioVersion = 15.0.26430.14
MinimumVisualStudioVersion = 10.0.40219.1
Project("{FAE04EC0-301F-11D3-BF4B-00C04F79EFBC}") = "MySchool", "MySchool\MySchool.csproj", "{1B0DEF5C-6E57-41CB-B986-723C641215C6}"
EndProject
Project("{FAE04EC0-301F-11D3-BF4B-00C04F79EFBC}") = "MySchool.Tests", "MySchool.Tests\MySchool.Tests.csproj", "{93BDABC0-8CE9-40E2-BFD5-C041F01652A7}"
EndProject
Global
	GlobalSection(SolutionConfigurationPlatforms) = preSolution
		Debug|Any CPU = Debug|Any CPU
		Release|Any CPU = Release|Any CPU
	EndGlobalSection
	GlobalSection(ProjectConfigurationPlatforms) = postSolution
		{1B0DEF5C-6E57-41CB-B986-723C641215C6}.Debug|Any CPU.ActiveCfg = Debug|Any CPU
		{1B0DEF5C-6E57-41CB-B986-723C641215C6}.Debug|Any CPU.Build.0 = Debug|Any CPU
		{1B0DEF5C-6E57-41CB-B986-723C641215C6}.Release|Any CPU.ActiveCfg = Release|Any CPU
		{1B0DEF5C-6E57-41CB-B986-723C641215C6}.Release|Any CPU.Build.0 = Release|Any CPU
		{93BDABC0-8CE9-40E2-BFD5-C041F01652A7}.Debug|Any CPU.ActiveCfg = Debug|Any CPU
		{93BDABC0-8CE9-40E2-BFD5-C041F01652A7}.Debug|Any CPU.Build.0 = Debug|Any CPU
		{93BDABC0-8CE9-40E2-BFD5-C041F01652A7}.Release|Any CPU.ActiveCfg = Release|Any CPU
		{93BDABC0-8CE9-40E2-BFD5-C041F01652A7}.Release|Any CPU.Build.0 = Release|Any CPU
	EndGlobalSection
	GlobalSection(SolutionProperties) = preSolution
		HideSolutionNode = FALSE
	EndGlobalSection
EndGlobal
